<?xml version="1.0" encoding="utf-8"?>
<Project ToolsVersion="4.0" xmlns="http://schemas.microsoft.com/developer/msbuild/2003">
  <ItemGroup>
    <Filter Include="Source Files">
      <UniqueIdentifier>{4FC737F1-C7A5-4376-A066-2A32D752A2FF}</UniqueIdentifier>
      <Extensions>cpp;c;cc;cxx;c++;cppm;ixx;def;odl;idl;hpj;bat;asm;asmx</Extensions>
    </Filter>
    <Filter Include="Header Files">
      <UniqueIdentifier>{93995380-89BD-4b04-88EB-625FBE52EBFB}</UniqueIdentifier>
      <Extensions>h;hh;hpp;hxx;h++;hm;inl;inc;ipp;xsd</Extensions>
    </Filter>
    <Filter Include="Resource Files">
      <UniqueIdentifier>{67DA6AB6-F800-4c08-8B7A-83BB121AAD01}</UniqueIdentifier>
      <Extensions>rc;ico;cur;bmp;dlg;rc2;rct;bin;rgs;gif;jpg;jpeg;jpe;resx;tiff;tif;png;wav;mfcribbon-ms</Extensions>
    </Filter>
    <Filter Include="Source Files\FSM_cpp">
      <UniqueIdentifier>{baf35e95-09de-440a-9eac-3f247fb3a0dc}</UniqueIdentifier>
    </Filter>
    <Filter Include="Header Files\FSM_h">
      <UniqueIdentifier>{f8c2815a-f2ec-4318-9e2b-e50e2f5faa7f}</UniqueIdentifier>
    </Filter>
  </ItemGroup>
  <ItemGroup>
    <ClCompile Include="AIE_Starter.cpp">
      <Filter>Source Files</Filter>
    </ClCompile>
    <ClCompile Include="Pathfinding.cpp">
      <Filter>Source Files</Filter>
    </ClCompile>
    <ClCompile Include="NodeMap.cpp">
      <Filter>Source Files</Filter>
    </ClCompile>
    <ClCompile Include="PathAgent.cpp">
      <Filter>Source Files</Filter>
    </ClCompile>
    <ClCompile Include="AgentsFSM.cpp">
      <Filter>Source Files\FSM_cpp</Filter>
    </ClCompile>
    <ClCompile Include="BehavioursFSM.cpp">
      <Filter>Source Files\FSM_cpp</Filter>
    </ClCompile>
    <ClCompile Include="FollowBehaviourFSM.cpp">
      <Filter>Source Files\FSM_cpp</Filter>
    </ClCompile>
    <ClCompile Include="GotoPointBehaviourFSM.cpp">
      <Filter>Source Files\FSM_cpp</Filter>
    </ClCompile>
    <ClCompile Include="WanderBehaviourFSM.cpp">
      <Filter>Source Files\FSM_cpp</Filter>
    </ClCompile>
    <ClCompile Include="SelectorBehaviourFSM.cpp">
      <Filter>Source Files\FSM_cpp</Filter>
    </ClCompile>
  </ItemGroup>
  <ItemGroup>
    <None Include="packages.config" />
  </ItemGroup>
  <ItemGroup>
    <ClInclude Include="Pathfinding.h">
      <Filter>Header Files</Filter>
    </ClInclude>
    <ClInclude Include="NodeMap.h">
      <Filter>Header Files</Filter>
    </ClInclude>
    <ClInclude Include="PathfindingAlg.h">
      <Filter>Header Files</Filter>
    </ClInclude>
    <ClInclude Include="PathAgent.h">
      <Filter>Header Files</Filter>
    </ClInclude>
    <ClInclude Include="AstarAlg.h">
      <Filter>Header Files</Filter>
    </ClInclude>
    <ClInclude Include="AgentsFSM.h">
      <Filter>Header Files\FSM_h</Filter>
    </ClInclude>
    <ClInclude Include="BehavioursFSM.h">
      <Filter>Header Files\FSM_h</Filter>
    </ClInclude>
    <ClInclude Include="FollowBehaviourFSM.h">
      <Filter>Header Files\FSM_h</Filter>
    </ClInclude>
    <ClInclude Include="GotoPointBehaviourFSM.h">
      <Filter>Header Files\FSM_h</Filter>
    </ClInclude>
    <ClInclude Include="WanderBehaviourFSM.h">
      <Filter>Header Files\FSM_h</Filter>
    </ClInclude>
    <ClInclude Include="SelectorBehaviourFSM.h">
      <Filter>Header Files\FSM_h</Filter>
    </ClInclude>
  </ItemGroup>
</Project>